// !$*UTF8*$!
{
	archiveVersion = 1;
	classes = {
	};
	objectVersion = 46;
	objects = {

/* Begin PBXBuildFile section */
		66C924651F0A8EE500D744A2 /* AppDelegate.swift in Sources */ = {isa = PBXBuildFile; fileRef = 66C924641F0A8EE500D744A2 /* AppDelegate.swift */; };
		66C924671F0A8EE500D744A2 /* ViewController.swift in Sources */ = {isa = PBXBuildFile; fileRef = 66C924661F0A8EE500D744A2 /* ViewController.swift */; };
		66C9246A1F0A8EE500D744A2 /* Main.storyboard in Resources */ = {isa = PBXBuildFile; fileRef = 66C924681F0A8EE500D744A2 /* Main.storyboard */; };
		66C9246D1F0A8EE500D744A2 /* Calculater.xcdatamodeld in Sources */ = {isa = PBXBuildFile; fileRef = 66C9246B1F0A8EE500D744A2 /* Calculater.xcdatamodeld */; };
		66C9246F1F0A8EE500D744A2 /* Assets.xcassets in Resources */ = {isa = PBXBuildFile; fileRef = 66C9246E1F0A8EE500D744A2 /* Assets.xcassets */; };
		66C924721F0A8EE500D744A2 /* LaunchScreen.storyboard in Resources */ = {isa = PBXBuildFile; fileRef = 66C924701F0A8EE500D744A2 /* LaunchScreen.storyboard */; };
		66C9247D1F0A8EE500D744A2 /* CalculaterTests.swift in Sources */ = {isa = PBXBuildFile; fileRef = 66C9247C1F0A8EE500D744A2 /* CalculaterTests.swift */; };
		66C924881F0A8EE500D744A2 /* CalculaterUITests.swift in Sources */ = {isa = PBXBuildFile; fileRef = 66C924871F0A8EE500D744A2 /* CalculaterUITests.swift */; };
/* End PBXBuildFile section */

/* Begin PBXContainerItemProxy section */
		66C924791F0A8EE500D744A2 /* PBXContainerItemProxy */ = {
			isa = PBXContainerItemProxy;
			containerPortal = 66C924591F0A8EE500D744A2 /* Project object */;
			proxyType = 1;
			remoteGlobalIDString = 66C924601F0A8EE500D744A2;
			remoteInfo = Calculater;
		};
		66C924841F0A8EE500D744A2 /* PBXContainerItemProxy */ = {
			isa = PBXContainerItemProxy;
			containerPortal = 66C924591F0A8EE500D744A2 /* Project object */;
			proxyType = 1;
			remoteGlobalIDString = 66C924601F0A8EE500D744A2;
			remoteInfo = Calculater;
		};
/* End PBXContainerItemProxy section */

/* Begin PBXFileReference section */
		66C924611F0A8EE500D744A2 /* Calculater.app */ = {isa = PBXFileReference; explicitFileType = wrapper.application; includeInIndex = 0; path = Calculater.app; sourceTree = BUILT_PRODUCTS_DIR; };
		66C924641F0A8EE500D744A2 /* AppDelegate.swift */ = {isa = PBXFileReference; lastKnownFileType = sourcecode.swift; path = AppDelegate.swift; sourceTree = "<group>"; };
		66C924661F0A8EE500D744A2 /* ViewController.swift */ = {isa = PBXFileReference; lastKnownFileType = sourcecode.swift; path = ViewController.swift; sourceTree = "<group>"; };
		66C924691F0A8EE500D744A2 /* Base */ = {isa = PBXFileReference; lastKnownFileType = file.storyboard; name = Base; path = Base.lproj/Main.storyboard; sourceTree = "<group>"; };
		66C9246C1F0A8EE500D744A2 /* Calculater.xcdatamodel */ = {isa = PBXFileReference; lastKnownFileType = wrapper.xcdatamodel; path = Calculater.xcdatamodel; sourceTree = "<group>"; };
		66C9246E1F0A8EE500D744A2 /* Assets.xcassets */ = {isa = PBXFileReference; lastKnownFileType = folder.assetcatalog; path = Assets.xcassets; sourceTree = "<group>"; };
		66C924711F0A8EE500D744A2 /* Base */ = {isa = PBXFileReference; lastKnownFileType = file.storyboard; name = Base; path = Base.lproj/LaunchScreen.storyboard; sourceTree = "<group>"; };
		66C924731F0A8EE500D744A2 /* Info.plist */ = {isa = PBXFileReference; lastKnownFileType = text.plist.xml; path = Info.plist; sourceTree = "<group>"; };
		66C924781F0A8EE500D744A2 /* CalculaterTests.xctest */ = {isa = PBXFileReference; explicitFileType = wrapper.cfbundle; includeInIndex = 0; path = CalculaterTests.xctest; sourceTree = BUILT_PRODUCTS_DIR; };
		66C9247C1F0A8EE500D744A2 /* CalculaterTests.swift */ = {isa = PBXFileReference; lastKnownFileType = sourcecode.swift; path = CalculaterTests.swift; sourceTree = "<group>"; };
		66C9247E1F0A8EE500D744A2 /* Info.plist */ = {isa = PBXFileReference; lastKnownFileType = text.plist.xml; path = Info.plist; sourceTree = "<group>"; };
		66C924831F0A8EE500D744A2 /* CalculaterUITests.xctest */ = {isa = PBXFileReference; explicitFileType = wrapper.cfbundle; includeInIndex = 0; path = CalculaterUITests.xctest; sourceTree = BUILT_PRODUCTS_DIR; };
		66C924871F0A8EE500D744A2 /* CalculaterUITests.swift */ = {isa = PBXFileReference; lastKnownFileType = sourcecode.swift; path = CalculaterUITests.swift; sourceTree = "<group>"; };
		66C924891F0A8EE500D744A2 /* Info.plist */ = {isa = PBXFileReference; lastKnownFileType = text.plist.xml; path = Info.plist; sourceTree = "<group>"; };
/* End PBXFileReference section */

/* Begin PBXFrameworksBuildPhase section */
		66C9245E1F0A8EE500D744A2 /* Frameworks */ = {
			isa = PBXFrameworksBuildPhase;
			buildActionMask = 2147483647;
			files = (
			);
			runOnlyForDeploymentPostprocessing = 0;
		};
		66C924751F0A8EE500D744A2 /* Frameworks */ = {
			isa = PBXFrameworksBuildPhase;
			buildActionMask = 2147483647;
			files = (
			);
			runOnlyForDeploymentPostprocessing = 0;
		};
		66C924801F0A8EE500D744A2 /* Frameworks */ = {
			isa = PBXFrameworksBuildPhase;
			buildActionMask = 2147483647;
			files = (
			);
			runOnlyForDeploymentPostprocessing = 0;
		};
/* End PBXFrameworksBuildPhase section */

/* Begin PBXGroup section */
		66C924581F0A8EE400D744A2 = {
			isa = PBXGroup;
			children = (
				66C924631F0A8EE500D744A2 /* Calculater */,
				66C9247B1F0A8EE500D744A2 /* CalculaterTests */,
				66C924861F0A8EE500D744A2 /* CalculaterUITests */,
				66C924621F0A8EE500D744A2 /* Products */,
			);
			sourceTree = "<group>";
		};
		66C924621F0A8EE500D744A2 /* Products */ = {
			isa = PBXGroup;
			children = (
				66C924611F0A8EE500D744A2 /* Calculater.app */,
				66C924781F0A8EE500D744A2 /* CalculaterTests.xctest */,
				66C924831F0A8EE500D744A2 /* CalculaterUITests.xctest */,
			);
			name = Products;
			sourceTree = "<group>";
		};
		66C924631F0A8EE500D744A2 /* Calculater */ = {
			isa = PBXGroup;
			children = (
				66C924641F0A8EE500D744A2 /* AppDelegate.swift */,
				66C924661F0A8EE500D744A2 /* ViewController.swift */,
				66C924681F0A8EE500D744A2 /* Main.storyboard */,
				66C9246E1F0A8EE500D744A2 /* Assets.xcassets */,
				66C924701F0A8EE500D744A2 /* LaunchScreen.storyboard */,
				66C924731F0A8EE500D744A2 /* Info.plist */,
				66C9246B1F0A8EE500D744A2 /* Calculater.xcdatamodeld */,
			);
			path = Calculater;
			sourceTree = "<group>";
		};
		66C9247B1F0A8EE500D744A2 /* CalculaterTests */ = {
			isa = PBXGroup;
			children = (
				66C9247C1F0A8EE500D744A2 /* CalculaterTests.swift */,
				66C9247E1F0A8EE500D744A2 /* Info.plist */,
			);
			path = CalculaterTests;
			sourceTree = "<group>";
		};
		66C924861F0A8EE500D744A2 /* CalculaterUITests */ = {
			isa = PBXGroup;
			children = (
				66C924871F0A8EE500D744A2 /* CalculaterUITests.swift */,
				66C924891F0A8EE500D744A2 /* Info.plist */,
			);
			path = CalculaterUITests;
			sourceTree = "<group>";
		};
/* End PBXGroup section */

/* Begin PBXNativeTarget section */
		66C924601F0A8EE500D744A2 /* Calculater */ = {
			isa = PBXNativeTarget;
			buildConfigurationList = 66C9248C1F0A8EE500D744A2 /* Build configuration list for PBXNativeTarget "Calculater" */;
			buildPhases = (
				66C9245D1F0A8EE500D744A2 /* Sources */,
				66C9245E1F0A8EE500D744A2 /* Frameworks */,
				66C9245F1F0A8EE500D744A2 /* Resources */,
			);
			buildRules = (
			);
			dependencies = (
			);
			name = Calculater;
			productName = Calculater;
			productReference = 66C924611F0A8EE500D744A2 /* Calculater.app */;
			productType = "com.apple.product-type.application";
		};
		66C924771F0A8EE500D744A2 /* CalculaterTests */ = {
			isa = PBXNativeTarget;
			buildConfigurationList = 66C9248F1F0A8EE500D744A2 /* Build configuration list for PBXNativeTarget "CalculaterTests" */;
			buildPhases = (
				66C924741F0A8EE500D744A2 /* Sources */,
				66C924751F0A8EE500D744A2 /* Frameworks */,
				66C924761F0A8EE500D744A2 /* Resources */,
			);
			buildRules = (
			);
			dependencies = (
				66C9247A1F0A8EE500D744A2 /* PBXTargetDependency */,
			);
			name = CalculaterTests;
			productName = CalculaterTests;
			productReference = 66C924781F0A8EE500D744A2 /* CalculaterTests.xctest */;
			productType = "com.apple.product-type.bundle.unit-test";
		};
		66C924821F0A8EE500D744A2 /* CalculaterUITests */ = {
			isa = PBXNativeTarget;
			buildConfigurationList = 66C924921F0A8EE500D744A2 /* Build configuration list for PBXNativeTarget "CalculaterUITests" */;
			buildPhases = (
				66C9247F1F0A8EE500D744A2 /* Sources */,
				66C924801F0A8EE500D744A2 /* Frameworks */,
				66C924811F0A8EE500D744A2 /* Resources */,
			);
			buildRules = (
			);
			dependencies = (
				66C924851F0A8EE500D744A2 /* PBXTargetDependency */,
			);
			name = CalculaterUITests;
			productName = CalculaterUITests;
			productReference = 66C924831F0A8EE500D744A2 /* CalculaterUITests.xctest */;
			productType = "com.apple.product-type.bundle.ui-testing";
		};
/* End PBXNativeTarget section */

/* Begin PBXProject section */
		66C924591F0A8EE500D744A2 /* Project object */ = {
			isa = PBXProject;
			attributes = {
				LastSwiftUpdateCheck = 0830;
				LastUpgradeCheck = 0830;
				ORGANIZATIONNAME = "Chakrit Rakhuang";
				TargetAttributes = {
					66C924601F0A8EE500D744A2 = {
						CreatedOnToolsVersion = 8.3.3;
						DevelopmentTeam = 3VE24U5N4F;
						ProvisioningStyle = Automatic;
					};
					66C924771F0A8EE500D744A2 = {
						CreatedOnToolsVersion = 8.3.3;
						DevelopmentTeam = 3VE24U5N4F;
						ProvisioningStyle = Automatic;
						TestTargetID = 66C924601F0A8EE500D744A2;
					};
					66C924821F0A8EE500D744A2 = {
						CreatedOnToolsVersion = 8.3.3;
						DevelopmentTeam = 3VE24U5N4F;
						ProvisioningStyle = Automatic;
						TestTargetID = 66C924601F0A8EE500D744A2;
					};
				};
			};
			buildConfigurationList = 66C9245C1F0A8EE500D744A2 /* Build configuration list for PBXProject "Calculater" */;
			compatibilityVersion = "Xcode 3.2";
			developmentRegion = English;
			hasScannedForEncodings = 0;
			knownRegions = (
				en,
				Base,
			);
			mainGroup = 66C924581F0A8EE400D744A2;
			productRefGroup = 66C924621F0A8EE500D744A2 /* Products */;
			projectDirPath = "";
			projectRoot = "";
			targets = (
				66C924601F0A8EE500D744A2 /* Calculater */,
				66C924771F0A8EE500D744A2 /* CalculaterTests */,
				66C924821F0A8EE500D744A2 /* CalculaterUITests */,
			);
		};
/* End PBXProject section */

/* Begin PBXResourcesBuildPhase section */
		66C9245F1F0A8EE500D744A2 /* Resources */ = {
			isa = PBXResourcesBuildPhase;
			buildActionMask = 2147483647;
			files = (
				66C924721F0A8EE500D744A2 /* LaunchScreen.storyboard in Resources */,
				66C9246F1F0A8EE500D744A2 /* Assets.xcassets in Resources */,
				66C9246A1F0A8EE500D744A2 /* Main.storyboard in Resources */,
			);
			runOnlyForDeploymentPostprocessing = 0;
		};
		66C924761F0A8EE500D744A2 /* Resources */ = {
			isa = PBXResourcesBuildPhase;
			buildActionMask = 2147483647;
			files = (
			);
			runOnlyForDeploymentPostprocessing = 0;
		};
		66C924811F0A8EE500D744A2 /* Resources */ = {
			isa = PBXResourcesBuildPhase;
			buildActionMask = 2147483647;
			files = (
			);
			runOnlyForDeploymentPostprocessing = 0;
		};
/* End PBXResourcesBuildPhase section */

/* Begin PBXSourcesBuildPhase section */
		66C9245D1F0A8EE500D744A2 /* Sources */ = {
			isa = PBXSourcesBuildPhase;
			buildActionMask = 2147483647;
			files = (
				66C924671F0A8EE500D744A2 /* ViewController.swift in Sources */,
				66C9246D1F0A8EE500D744A2 /* Calculater.xcdatamodeld in Sources */,
				66C924651F0A8EE500D744A2 /* AppDelegate.swift in Sources */,
			);
			runOnlyForDeploymentPostprocessing = 0;
		};
		66C924741F0A8EE500D744A2 /* Sources */ = {
			isa = PBXSourcesBuildPhase;
			buildActionMask = 2147483647;
			files = (
				66C9247D1F0A8EE500D744A2 /* CalculaterTests.swift in Sources */,
			);
			runOnlyForDeploymentPostprocessing = 0;
		};
		66C9247F1F0A8EE500D744A2 /* Sources */ = {
			isa = PBXSourcesBuildPhase;
			buildActionMask = 2147483647;
			files = (
				66C924881F0A8EE500D744A2 /* CalculaterUITests.swift in Sources */,
			);
			runOnlyForDeploymentPostprocessing = 0;
		};
/* End PBXSourcesBuildPhase section */

/* Begin PBXTargetDependency section */
		66C9247A1F0A8EE500D744A2 /* PBXTargetDependency */ = {
			isa = PBXTargetDependency;
			target = 66C924601F0A8EE500D744A2 /* Calculater */;
			targetProxy = 66C924791F0A8EE500D744A2 /* PBXContainerItemProxy */;
		};
		66C924851F0A8EE500D744A2 /* PBXTargetDependency */ = {
			isa = PBXTargetDependency;
			target = 66C924601F0A8EE500D744A2 /* Calculater */;
			targetProxy = 66C924841F0A8EE500D744A2 /* PBXContainerItemProxy */;
		};
/* End PBXTargetDependency section */

/* Begin PBXVariantGroup section */
		66C924681F0A8EE500D744A2 /* Main.storyboard */ = {
			isa = PBXVariantGroup;
			children = (
				66C924691F0A8EE500D744A2 /* Base */,
			);
			name = Main.storyboard;
			sourceTree = "<group>";
		};
		66C924701F0A8EE500D744A2 /* LaunchScreen.storyboard */ = {
			isa = PBXVariantGroup;
			children = (
				66C924711F0A8EE500D744A2 /* Base */,
			);
			name = LaunchScreen.storyboard;
			sourceTree = "<group>";
		};
/* End PBXVariantGroup section */

/* Begin XCBuildConfiguration section */
		66C9248A1F0A8EE500D744A2 /* Debug */ = {
			isa = XCBuildConfiguration;
			buildSettings = {
				ALWAYS_SEARCH_USER_PATHS = NO;
				CLANG_ANALYZER_NONNULL = YES;
				CLANG_ANALYZER_NUMBER_OBJECT_CONVERSION = YES_AGGRESSIVE;
				CLANG_CXX_LANGUAGE_STANDARD = "gnu++0x";
				CLANG_CXX_LIBRARY = "libc++";
				CLANG_ENABLE_MODULES = YES;
				CLANG_ENABLE_OBJC_ARC = YES;
				CLANG_WARN_BOOL_CONVERSION = YES;
				CLANG_WARN_CONSTANT_CONVERSION = YES;
				CLANG_WARN_DIRECT_OBJC_ISA_USAGE = YES_ERROR;
				CLANG_WARN_DOCUMENTATION_COMMENTS = YES;
				CLANG_WARN_EMPTY_BODY = YES;
				CLANG_WARN_ENUM_CONVERSION = YES;
				CLANG_WARN_INFINITE_RECURSION = YES;
				CLANG_WARN_INT_CONVERSION = YES;
				CLANG_WARN_OBJC_ROOT_CLASS = YES_ERROR;
				CLANG_WARN_SUSPICIOUS_MOVE = YES;
				CLANG_WARN_UNREACHABLE_CODE = YES;
				CLANG_WARN__DUPLICATE_METHOD_MATCH = YES;
				"CODE_SIGN_IDENTITY[sdk=iphoneos*]" = "iPhone Developer";
				COPY_PHASE_STRIP = NO;
				DEBUG_INFORMATION_FORMAT = dwarf;
				ENABLE_STRICT_OBJC_MSGSEND = YES;
				ENABLE_TESTABILITY = YES;
				GCC_C_LANGUAGE_STANDARD = gnu99;
				GCC_DYNAMIC_NO_PIC = NO;
				GCC_NO_COMMON_BLOCKS = YES;
				GCC_OPTIMIZATION_LEVEL = 0;
				GCC_PREPROCESSOR_DEFINITIONS = (
					"DEBUG=1",
					"$(inherited)",
				);
				GCC_WARN_64_TO_32_BIT_CONVERSION = YES;
				GCC_WARN_ABOUT_RETURN_TYPE = YES_ERROR;
				GCC_WARN_UNDECLARED_SELECTOR = YES;
				GCC_WARN_UNINITIALIZED_AUTOS = YES_AGGRESSIVE;
				GCC_WARN_UNUSED_FUNCTION = YES;
				GCC_WARN_UNUSED_VARIABLE = YES;
				IPHONEOS_DEPLOYMENT_TARGET = 10.3;
				MTL_ENABLE_DEBUG_INFO = YES;
				ONLY_ACTIVE_ARCH = YES;
				SDKROOT = iphoneos;
				SWIFT_ACTIVE_COMPILATION_CONDITIONS = DEBUG;
				SWIFT_OPTIMIZATION_LEVEL = "-Onone";
				TARGETED_DEVICE_FAMILY = "1,2";
			};
			name = Debug;
		};
		66C9248B1F0A8EE500D744A2 /* Release */ = {
			isa = XCBuildConfiguration;
			buildSettings = {
				ALWAYS_SEARCH_USER_PATHS = NO;
				CLANG_ANALYZER_NONNULL = YES;
				CLANG_ANALYZER_NUMBER_OBJECT_CONVERSION = YES_AGGRESSIVE;
				CLANG_CXX_LANGUAGE_STANDARD = "gnu++0x";
				CLANG_CXX_LIBRARY = "libc++";
				CLANG_ENABLE_MODULES = YES;
				CLANG_ENABLE_OBJC_ARC = YES;
				CLANG_WARN_BOOL_CONVERSION = YES;
				CLANG_WARN_CONSTANT_CONVERSION = YES;
				CLANG_WARN_DIRECT_OBJC_ISA_USAGE = YES_ERROR;
				CLANG_WARN_DOCUMENTATION_COMMENTS = YES;
				CLANG_WARN_EMPTY_BODY = YES;
				CLANG_WARN_ENUM_CONVERSION = YES;
				CLANG_WARN_INFINITE_RECURSION = YES;
				CLANG_WARN_INT_CONVERSION = YES;
				CLANG_WARN_OBJC_ROOT_CLASS = YES_ERROR;
				CLANG_WARN_SUSPICIOUS_MOVE = YES;
				CLANG_WARN_UNREACHABLE_CODE = YES;
				CLANG_WARN__DUPLICATE_METHOD_MATCH = YES;
				"CODE_SIGN_IDENTITY[sdk=iphoneos*]" = "iPhone Developer";
				COPY_PHASE_STRIP = NO;
				DEBUG_INFORMATION_FORMAT = "dwarf-with-dsym";
				ENABLE_NS_ASSERTIONS = NO;
				ENABLE_STRICT_OBJC_MSGSEND = YES;
				GCC_C_LANGUAGE_STANDARD = gnu99;
				GCC_NO_COMMON_BLOCKS = YES;
				GCC_WARN_64_TO_32_BIT_CONVERSION = YES;
				GCC_WARN_ABOUT_RETURN_TYPE = YES_ERROR;
				GCC_WARN_UNDECLARED_SELECTOR = YES;
				GCC_WARN_UNINITIALIZED_AUTOS = YES_AGGRESSIVE;
				GCC_WARN_UNUSED_FUNCTION = YES;
				GCC_WARN_UNUSED_VARIABLE = YES;
				IPHONEOS_DEPLOYMENT_TARGET = 10.3;
				MTL_ENABLE_DEBUG_INFO = NO;
				SDKROOT = iphoneos;
				SWIFT_OPTIMIZATION_LEVEL = "-Owholemodule";
				TARGETED_DEVICE_FAMILY = "1,2";
				VALIDATE_PRODUCT = YES;
			};
			name = Release;
		};
		66C9248D1F0A8EE500D744A2 /* Debug */ = {
			isa = XCBuildConfiguration;
			buildSettings = {
				ASSETCATALOG_COMPILER_APPICON_NAME = AppIcon;
				DEVELOPMENT_TEAM = 3VE24U5N4F;
				INFOPLIST_FILE = Calculater/Info.plist;
				LD_RUNPATH_SEARCH_PATHS = "$(inherited) @executable_path/Frameworks";
				PRODUCT_BUNDLE_IDENTIFIER = "Bomb-Studio--Thailand--Inc..Calculater";
				PRODUCT_NAME = "$(TARGET_NAME)";
				SWIFT_VERSION = 3.0;
			};
			name = Debug;
		};
		66C9248E1F0A8EE500D744A2 /* Release */ = {
			isa = XCBuildConfiguration;
			buildSettings = {
				ASSETCATALOG_COMPILER_APPICON_NAME = AppIcon;
				DEVELOPMENT_TEAM = 3VE24U5N4F;
				INFOPLIST_FILE = Calculater/Info.plist;
				LD_RUNPATH_SEARCH_PATHS = "$(inherited) @executable_path/Frameworks";
				PRODUCT_BUNDLE_IDENTIFIER = "Bomb-Studio--Thailand--Inc..Calculater";
				PRODUCT_NAME = "$(TARGET_NAME)";
				SWIFT_VERSION = 3.0;
			};
			name = Release;
		};
		66C924901F0A8EE500D744A2 /* Debug */ = {
			isa = XCBuildConfiguration;
			buildSettings = {
				ALWAYS_EMBED_SWIFT_STANDARD_LIBRARIES = YES;
				BUNDLE_LOADER = "$(TEST_HOST)";
				DEVELOPMENT_TEAM = 3VE24U5N4F;
				INFOPLIST_FILE = CalculaterTests/Info.plist;
				LD_RUNPATH_SEARCH_PATHS = "$(inherited) @executable_path/Frameworks @loader_path/Frameworks";
				PRODUCT_BUNDLE_IDENTIFIER = "Bomb-Studio--Thailand--Inc..CalculaterTests";
				PRODUCT_NAME = "$(TARGET_NAME)";
				SWIFT_VERSION = 3.0;
				TEST_HOST = "$(BUILT_PRODUCTS_DIR)/Calculater.app/Calculater";
			};
			name = Debug;
		};
		66C924911F0A8EE500D744A2 /* Release */ = {
			isa = XCBuildConfiguration;
			buildSettings = {
				ALWAYS_EMBED_SWIFT_STANDARD_LIBRARIES = YES;
				BUNDLE_LOADER = "$(TEST_HOST)";
				DEVELOPMENT_TEAM = 3VE24U5N4F;
				INFOPLIST_FILE = CalculaterTests/Info.plist;
				LD_RUNPATH_SEARCH_PATHS = "$(inherited) @executable_path/Frameworks @loader_path/Frameworks";
				PRODUCT_BUNDLE_IDENTIFIER = "Bomb-Studio--Thailand--Inc..CalculaterTests";
				PRODUCT_NAME = "$(TARGET_NAME)";
				SWIFT_VERSION = 3.0;
				TEST_HOST = "$(BUILT_PRODUCTS_DIR)/Calculater.app/Calculater";
			};
			name = Release;
		};
		66C924931F0A8EE500D744A2 /* Debug */ = {
			isa = XCBuildConfiguration;
			buildSettings = {
				ALWAYS_EMBED_SWIFT_STANDARD_LIBRARIES = YES;
				DEVELOPMENT_TEAM = 3VE24U5N4F;
				INFOPLIST_FILE = CalculaterUITests/Info.plist;
				LD_RUNPATH_SEARCH_PATHS = "$(inherited) @executable_path/Frameworks @loader_path/Frameworks";
				PRODUCT_BUNDLE_IDENTIFIER = "Bomb-Studio--Thailand--Inc..CalculaterUITests";
				PRODUCT_NAME = "$(TARGET_NAME)";
				SWIFT_VERSION = 3.0;
				TEST_TARGET_NAME = Calculater;
			};
			name = Debug;
		};
		66C924941F0A8EE500D744A2 /* Release */ = {
			isa = XCBuildConfiguration;
			buildSettings = {
				ALWAYS_EMBED_SWIFT_STANDARD_LIBRARIES = YES;
				DEVELOPMENT_TEAM = 3VE24U5N4F;
				INFOPLIST_FILE = CalculaterUITests/Info.plist;
				LD_RUNPATH_SEARCH_PATHS = "$(inherited) @executable_path/Frameworks @loader_path/Frameworks";
				PRODUCT_BUNDLE_IDENTIFIER = "Bomb-Studio--Thailand--Inc..CalculaterUITests";
				PRODUCT_NAME = "$(TARGET_NAME)";
				SWIFT_VERSION = 3.0;
				TEST_TARGET_NAME = Calculater;
			};
			name = Release;
		};
/* End XCBuildConfiguration section */

/* Begin XCConfigurationList section */
		66C9245C1F0A8EE500D744A2 /* Build configuration list for PBXProject "Calculater" */ = {
			isa = XCConfigurationList;
			buildConfigurations = (
				66C9248A1F0A8EE500D744A2 /* Debug */,
				66C9248B1F0A8EE500D744A2 /* Release */,
			);
			defaultConfigurationIsVisible = 0;
			defaultConfigurationName = Release;
		};
		66C9248C1F0A8EE500D744A2 /* Build configuration list for PBXNativeTarget "Calculater" */ = {
			isa = XCConfigurationList;
			buildConfigurations = (
				66C9248D1F0A8EE500D744A2 /* Debug */,
				66C9248E1F0A8EE500D744A2 /* Release */,
			);
			defaultConfigurationIsVisible = 0;
		};
		66C9248F1F0A8EE500D744A2 /* Build configuration list for PBXNativeTarget "CalculaterTests" */ = {
			isa = XCConfigurationList;
			buildConfigurations = (
				66C924901F0A8EE500D744A2 /* Debug */,
				66C924911F0A8EE500D744A2 /* Release */,
			);
			defaultConfigurationIsVisible = 0;
		};
		66C924921F0A8EE500D744A2 /* Build configuration list for PBXNativeTarget "CalculaterUITests" */ = {
			isa = XCConfigurationList;
			buildConfigurations = (
				66C924931F0A8EE500D744A2 /* Debug */,
				66C924941F0A8EE500D744A2 /* Release */,
			);
			defaultConfigurationIsVisible = 0;
		};
/* End XCConfigurationList section */

/* Begin XCVersionGroup section */
		66C9246B1F0A8EE500D744A2 /* Calculater.xcdatamodeld */ = {
			isa = XCVersionGroup;
			children = (
				66C9246C1F0A8EE500D744A2 /* Calculater.xcdatamodel */,
			);
			currentVersion = 66C9246C1F0A8EE500D744A2 /* Calculater.xcdatamodel */;
			path = Calculater.xcdatamodeld;
			sourceTree = "<group>";
			versionGroupType = wrapper.xcdatamodel;
		};
/* End XCVersionGroup section */
	};
	rootObject = 66C924591F0A8EE500D744A2 /* Project object */;
}
